
Microsoft Visual Studio Solution File, Format Version 10.00
# Visual Studio 2008
Project("{FAE04EC0-301F-11D3-BF4B-00C04F79EFBC}") = "com.yeepay.model.BuyBankDirectConnectResult", "com.yeepay.model.BuyBankDirectConnectResult.csproj", "{0F2B81FC-1C5F-4438-828F-622A5870B4FD}"
EndProject
Global
	GlobalSection(SolutionConfigurationPlatforms) = preSolution
		Debug|Any CPU = Debug|Any CPU
		Release|Any CPU = Release|Any CPU
	EndGlobalSection
	GlobalSection(ProjectConfigurationPlatforms) = postSolution
		{0F2B81FC-1C5F-4438-828F-622A5870B4FD}.Debug|Any CPU.ActiveCfg = Debug|Any CPU
		{0F2B81FC-1C5F-4438-828F-622A5870B4FD}.Debug|Any CPU.Build.0 = Debug|Any CPU
		{0F2B81FC-1C5F-4438-828F-622A5870B4FD}.Release|Any CPU.ActiveCfg = Release|Any CPU
		{0F2B81FC-1C5F-4438-828F-622A5870B4FD}.Release|Any CPU.Build.0 = Release|Any CPU
	EndGlobalSection
	GlobalSection(SolutionProperties) = preSolution
		HideSolutionNode = FALSE
	EndGlobalSection
EndGlobal
