
Microsoft Visual Studio Solution File, Format Version 10.00
# Visual Studio 2008
Project("{FAE04EC0-301F-11D3-BF4B-00C04F79EFBC}") = "Web_TaobaoShopHelper", "Applications\Web_TaobaoShopHelper\Web_TaobaoShopHelper.csproj", "{60483E9F-128D-40EE-9445-E6E0B11659FB}"
EndProject
Project("{FAE04EC0-301F-11D3-BF4B-00C04F79EFBC}") = "TOP.Core.Facade", "Core\TOP.Core.Facade\TOP.Core.Facade.csproj", "{0412BEF3-4997-4A40-B25C-AAC25B70B068}"
EndProject
Project("{FAE04EC0-301F-11D3-BF4B-00C04F79EFBC}") = "TOP.Core.Domain", "Core\TOP.Core.Domain\TOP.Core.Domain.csproj", "{94715AF1-20AD-4D8E-B6B6-BCC290621C3A}"
EndProject
Project("{FAE04EC0-301F-11D3-BF4B-00C04F79EFBC}") = "TOP.Template.Facade", "Template\TOP.Template.Facade\TOP.Template.Facade.csproj", "{AECC8961-6F82-4443-9F9F-E3E48D9137A9}"
EndProject
Project("{FAE04EC0-301F-11D3-BF4B-00C04F79EFBC}") = "TOP.Template.Domain", "Template\TOP.Template.Domain\TOP.Template.Domain.csproj", "{FC863206-7E19-4A6A-ADBD-334BCDE6F9D6}"
EndProject
Project("{FAE04EC0-301F-11D3-BF4B-00C04F79EFBC}") = "TOP.Authorize.Domain", "Authorize\TOP.Authorize.Domain\TOP.Authorize.Domain.csproj", "{466C25A1-6912-43BC-9C1A-824F807BDFA8}"
EndProject
Project("{FAE04EC0-301F-11D3-BF4B-00C04F79EFBC}") = "TOP.Authorize.Facade", "Authorize\TOP.Authorize.Facade\TOP.Authorize.Facade.csproj", "{0BF822B0-B4A1-4744-89E2-B94942F772E3}"
EndProject
Project("{FAE04EC0-301F-11D3-BF4B-00C04F79EFBC}") = "TOP.Authorize.Test", "Authorize\TOP.Authorize.Test\TOP.Authorize.Test.csproj", "{6D7F5410-354E-4C51-9917-74DC9A047713}"
EndProject
Project("{2150E333-8FDC-42A3-9474-1A3956D46DE8}") = "Solution Items", "Solution Items", "{DF100F1E-3243-49FA-8B6A-20C9BC2C874A}"
	ProjectSection(SolutionItems) = preProject
		App_Web_ItemDescTemplate.vsmdi = App_Web_ItemDescTemplate.vsmdi
		LocalTestRun.testrunconfig = LocalTestRun.testrunconfig
	EndProjectSection
EndProject
Project("{2150E333-8FDC-42A3-9474-1A3956D46DE8}") = "TOP.Authorize", "TOP.Authorize", "{03DD429C-5C11-4787-A967-3C18D39EBFE9}"
EndProject
Project("{FAE04EC0-301F-11D3-BF4B-00C04F79EFBC}") = "TOP.Core.Test", "Core\TOP.Core.Test\TOP.Core.Test.csproj", "{26D5B46D-F340-4BC0-80A6-8D6282427D97}"
EndProject
Project("{2150E333-8FDC-42A3-9474-1A3956D46DE8}") = "TOP.Core", "TOP.Core", "{0091A750-DB07-44A8-83CD-11610B745E33}"
EndProject
Project("{FAE04EC0-301F-11D3-BF4B-00C04F79EFBC}") = "TOP.Template.Test", "Template\TOP.Template.Test\TOP.Template.Test.csproj", "{514F82A5-106C-4360-A8B1-6FFCECFDC7D4}"
EndProject
Project("{2150E333-8FDC-42A3-9474-1A3956D46DE8}") = "TOP.Template", "TOP.Template", "{EDFFC14E-2066-4AC6-951F-1753A3F01CB2}"
EndProject
Project("{2150E333-8FDC-42A3-9474-1A3956D46DE8}") = "TOP.Common", "TOP.Common", "{684E2591-A590-4A3D-9009-C018C64090AD}"
EndProject
Project("{FAE04EC0-301F-11D3-BF4B-00C04F79EFBC}") = "TOP.Common.DbHelper", "Common\TOP.Common.DbHelper\TOP.Common.DbHelper.csproj", "{BD1AFE9A-03AE-4524-94AE-E2DD1F23719A}"
EndProject
Project("{FAE04EC0-301F-11D3-BF4B-00C04F79EFBC}") = "TOP.Common.DbHelper.Test", "Common\TOP.Common.DbHelper.Test\TOP.Common.DbHelper.Test.csproj", "{308AA4CE-94DC-47C4-B182-E41FA91623D4}"
EndProject
Project("{2150E333-8FDC-42A3-9474-1A3956D46DE8}") = "TOP.Management", "TOP.Management", "{876DF84B-B050-481B-B691-81E4268F6861}"
EndProject
Project("{FAE04EC0-301F-11D3-BF4B-00C04F79EFBC}") = "TOP.Management.Domain", "Management\TOP.Management.Domain\TOP.Management.Domain.csproj", "{D355B0EA-0750-429F-B7C9-62100976C6AE}"
EndProject
Project("{FAE04EC0-301F-11D3-BF4B-00C04F79EFBC}") = "TOP.Management.Facade", "Management\TOP.Management.Facade\TOP.Management.Facade.csproj", "{5BA9FA7F-9905-41EA-BA6A-58617A6F1B8A}"
EndProject
Project("{FAE04EC0-301F-11D3-BF4B-00C04F79EFBC}") = "TOP.Management.Test", "Management\TOP.Management.Test\TOP.Management.Test.csproj", "{2668B8D3-F135-40C6-9D3E-9710E0DD6489}"
EndProject
Project("{FAE04EC0-301F-11D3-BF4B-00C04F79EFBC}") = "TOP.Common.Logic", "Common\TOP.Common.Logic\TOP.Common.Logic.csproj", "{C6A7A214-78B8-4A35-98F9-1189D0AB420E}"
EndProject
Project("{FAE04EC0-301F-11D3-BF4B-00C04F79EFBC}") = "TOP.Common.StringTool", "Common\TOP.Common.StringTool\TOP.Common.StringTool.csproj", "{EB00C6D9-D584-49E5-B443-F7E644DA59D8}"
EndProject
Project("{2150E333-8FDC-42A3-9474-1A3956D46DE8}") = "TOP.Html", "TOP.Html", "{919C63E7-75FB-4633-9A50-FEF6895C3C98}"
EndProject
Project("{FAE04EC0-301F-11D3-BF4B-00C04F79EFBC}") = "TOP.Html.Snapshot", "Html\TOP.Html.Snapshot\TOP.Html.Snapshot.csproj", "{67EDCA1D-171D-4068-ADE4-54445CA7241E}"
EndProject
Project("{FAE04EC0-301F-11D3-BF4B-00C04F79EFBC}") = "TOP.Html.Generater", "Html\TOP.Html.Generater\TOP.Html.Generater.csproj", "{712107F4-3751-4031-9682-76619CD871BE}"
EndProject
Project("{2150E333-8FDC-42A3-9474-1A3956D46DE8}") = "References", "References", "{87E57E0A-F833-4D18-A8D9-67960A60969E}"
	ProjectSection(SolutionItems) = preProject
		Libs\ComponentArt.Web.UI.dll = Libs\ComponentArt.Web.UI.dll
		Libs\ICSharpCode.SharpZipLib.dll = Libs\ICSharpCode.SharpZipLib.dll
		Libs\Newtonsoft.Json.dll = Libs\Newtonsoft.Json.dll
		Libs\okpower.Utility.dll = Libs\okpower.Utility.dll
		Libs\Top4Net.dll = Libs\Top4Net.dll
		Libs\Top4Net.dll.config = Libs\Top4Net.dll.config
	EndProjectSection
EndProject
Project("{FAE04EC0-301F-11D3-BF4B-00C04F79EFBC}") = "Top4Net", "..\top4net\Top4Net\Top4Net.csproj", "{C34B9CCF-9E78-497C-AFB6-8DFE5F55FA50}"
EndProject
Project("{FAE04EC0-301F-11D3-BF4B-00C04F79EFBC}") = "Top4NetTest", "..\top4net\Top4NetTest\Top4NetTest.csproj", "{7FAB942F-F126-4327-8604-A8CD0E4CD2AA}"
EndProject
Project("{FAE04EC0-301F-11D3-BF4B-00C04F79EFBC}") = "TOP.Common.EncryptionTool", "Common\TOP.Common.EncryptionTool\TOP.Common.EncryptionTool.csproj", "{929CE2B6-9DD7-4858-843B-6A79D74B7418}"
EndProject
Global
	GlobalSection(TestCaseManagementSettings) = postSolution
		CategoryFile = App_Web_ItemDescTemplate.vsmdi
	EndGlobalSection
	GlobalSection(SolutionConfigurationPlatforms) = preSolution
		Debug|Any CPU = Debug|Any CPU
		Release|Any CPU = Release|Any CPU
	EndGlobalSection
	GlobalSection(ProjectConfigurationPlatforms) = postSolution
		{60483E9F-128D-40EE-9445-E6E0B11659FB}.Debug|Any CPU.ActiveCfg = Debug|Any CPU
		{60483E9F-128D-40EE-9445-E6E0B11659FB}.Debug|Any CPU.Build.0 = Debug|Any CPU
		{60483E9F-128D-40EE-9445-E6E0B11659FB}.Release|Any CPU.ActiveCfg = Release|Any CPU
		{60483E9F-128D-40EE-9445-E6E0B11659FB}.Release|Any CPU.Build.0 = Release|Any CPU
		{0412BEF3-4997-4A40-B25C-AAC25B70B068}.Debug|Any CPU.ActiveCfg = Debug|Any CPU
		{0412BEF3-4997-4A40-B25C-AAC25B70B068}.Debug|Any CPU.Build.0 = Debug|Any CPU
		{0412BEF3-4997-4A40-B25C-AAC25B70B068}.Release|Any CPU.ActiveCfg = Release|Any CPU
		{0412BEF3-4997-4A40-B25C-AAC25B70B068}.Release|Any CPU.Build.0 = Release|Any CPU
		{94715AF1-20AD-4D8E-B6B6-BCC290621C3A}.Debug|Any CPU.ActiveCfg = Debug|Any CPU
		{94715AF1-20AD-4D8E-B6B6-BCC290621C3A}.Debug|Any CPU.Build.0 = Debug|Any CPU
		{94715AF1-20AD-4D8E-B6B6-BCC290621C3A}.Release|Any CPU.ActiveCfg = Release|Any CPU
		{94715AF1-20AD-4D8E-B6B6-BCC290621C3A}.Release|Any CPU.Build.0 = Release|Any CPU
		{AECC8961-6F82-4443-9F9F-E3E48D9137A9}.Debug|Any CPU.ActiveCfg = Debug|Any CPU
		{AECC8961-6F82-4443-9F9F-E3E48D9137A9}.Debug|Any CPU.Build.0 = Debug|Any CPU
		{AECC8961-6F82-4443-9F9F-E3E48D9137A9}.Release|Any CPU.ActiveCfg = Release|Any CPU
		{AECC8961-6F82-4443-9F9F-E3E48D9137A9}.Release|Any CPU.Build.0 = Release|Any CPU
		{FC863206-7E19-4A6A-ADBD-334BCDE6F9D6}.Debug|Any CPU.ActiveCfg = Debug|Any CPU
		{FC863206-7E19-4A6A-ADBD-334BCDE6F9D6}.Debug|Any CPU.Build.0 = Debug|Any CPU
		{FC863206-7E19-4A6A-ADBD-334BCDE6F9D6}.Release|Any CPU.ActiveCfg = Release|Any CPU
		{FC863206-7E19-4A6A-ADBD-334BCDE6F9D6}.Release|Any CPU.Build.0 = Release|Any CPU
		{466C25A1-6912-43BC-9C1A-824F807BDFA8}.Debug|Any CPU.ActiveCfg = Debug|Any CPU
		{466C25A1-6912-43BC-9C1A-824F807BDFA8}.Debug|Any CPU.Build.0 = Debug|Any CPU
		{466C25A1-6912-43BC-9C1A-824F807BDFA8}.Release|Any CPU.ActiveCfg = Release|Any CPU
		{466C25A1-6912-43BC-9C1A-824F807BDFA8}.Release|Any CPU.Build.0 = Release|Any CPU
		{0BF822B0-B4A1-4744-89E2-B94942F772E3}.Debug|Any CPU.ActiveCfg = Debug|Any CPU
		{0BF822B0-B4A1-4744-89E2-B94942F772E3}.Debug|Any CPU.Build.0 = Debug|Any CPU
		{0BF822B0-B4A1-4744-89E2-B94942F772E3}.Release|Any CPU.ActiveCfg = Release|Any CPU
		{0BF822B0-B4A1-4744-89E2-B94942F772E3}.Release|Any CPU.Build.0 = Release|Any CPU
		{6D7F5410-354E-4C51-9917-74DC9A047713}.Debug|Any CPU.ActiveCfg = Debug|Any CPU
		{6D7F5410-354E-4C51-9917-74DC9A047713}.Debug|Any CPU.Build.0 = Debug|Any CPU
		{6D7F5410-354E-4C51-9917-74DC9A047713}.Release|Any CPU.ActiveCfg = Release|Any CPU
		{6D7F5410-354E-4C51-9917-74DC9A047713}.Release|Any CPU.Build.0 = Release|Any CPU
		{26D5B46D-F340-4BC0-80A6-8D6282427D97}.Debug|Any CPU.ActiveCfg = Debug|Any CPU
		{26D5B46D-F340-4BC0-80A6-8D6282427D97}.Debug|Any CPU.Build.0 = Debug|Any CPU
		{26D5B46D-F340-4BC0-80A6-8D6282427D97}.Release|Any CPU.ActiveCfg = Release|Any CPU
		{26D5B46D-F340-4BC0-80A6-8D6282427D97}.Release|Any CPU.Build.0 = Release|Any CPU
		{514F82A5-106C-4360-A8B1-6FFCECFDC7D4}.Debug|Any CPU.ActiveCfg = Debug|Any CPU
		{514F82A5-106C-4360-A8B1-6FFCECFDC7D4}.Debug|Any CPU.Build.0 = Debug|Any CPU
		{514F82A5-106C-4360-A8B1-6FFCECFDC7D4}.Release|Any CPU.ActiveCfg = Release|Any CPU
		{514F82A5-106C-4360-A8B1-6FFCECFDC7D4}.Release|Any CPU.Build.0 = Release|Any CPU
		{BD1AFE9A-03AE-4524-94AE-E2DD1F23719A}.Debug|Any CPU.ActiveCfg = Debug|Any CPU
		{BD1AFE9A-03AE-4524-94AE-E2DD1F23719A}.Debug|Any CPU.Build.0 = Debug|Any CPU
		{BD1AFE9A-03AE-4524-94AE-E2DD1F23719A}.Release|Any CPU.ActiveCfg = Release|Any CPU
		{BD1AFE9A-03AE-4524-94AE-E2DD1F23719A}.Release|Any CPU.Build.0 = Release|Any CPU
		{308AA4CE-94DC-47C4-B182-E41FA91623D4}.Debug|Any CPU.ActiveCfg = Debug|Any CPU
		{308AA4CE-94DC-47C4-B182-E41FA91623D4}.Debug|Any CPU.Build.0 = Debug|Any CPU
		{308AA4CE-94DC-47C4-B182-E41FA91623D4}.Release|Any CPU.ActiveCfg = Release|Any CPU
		{308AA4CE-94DC-47C4-B182-E41FA91623D4}.Release|Any CPU.Build.0 = Release|Any CPU
		{D355B0EA-0750-429F-B7C9-62100976C6AE}.Debug|Any CPU.ActiveCfg = Debug|Any CPU
		{D355B0EA-0750-429F-B7C9-62100976C6AE}.Debug|Any CPU.Build.0 = Debug|Any CPU
		{D355B0EA-0750-429F-B7C9-62100976C6AE}.Release|Any CPU.ActiveCfg = Release|Any CPU
		{D355B0EA-0750-429F-B7C9-62100976C6AE}.Release|Any CPU.Build.0 = Release|Any CPU
		{5BA9FA7F-9905-41EA-BA6A-58617A6F1B8A}.Debug|Any CPU.ActiveCfg = Debug|Any CPU
		{5BA9FA7F-9905-41EA-BA6A-58617A6F1B8A}.Debug|Any CPU.Build.0 = Debug|Any CPU
		{5BA9FA7F-9905-41EA-BA6A-58617A6F1B8A}.Release|Any CPU.ActiveCfg = Release|Any CPU
		{5BA9FA7F-9905-41EA-BA6A-58617A6F1B8A}.Release|Any CPU.Build.0 = Release|Any CPU
		{2668B8D3-F135-40C6-9D3E-9710E0DD6489}.Debug|Any CPU.ActiveCfg = Debug|Any CPU
		{2668B8D3-F135-40C6-9D3E-9710E0DD6489}.Debug|Any CPU.Build.0 = Debug|Any CPU
		{2668B8D3-F135-40C6-9D3E-9710E0DD6489}.Release|Any CPU.ActiveCfg = Release|Any CPU
		{2668B8D3-F135-40C6-9D3E-9710E0DD6489}.Release|Any CPU.Build.0 = Release|Any CPU
		{C6A7A214-78B8-4A35-98F9-1189D0AB420E}.Debug|Any CPU.ActiveCfg = Debug|Any CPU
		{C6A7A214-78B8-4A35-98F9-1189D0AB420E}.Debug|Any CPU.Build.0 = Debug|Any CPU
		{C6A7A214-78B8-4A35-98F9-1189D0AB420E}.Release|Any CPU.ActiveCfg = Release|Any CPU
		{C6A7A214-78B8-4A35-98F9-1189D0AB420E}.Release|Any CPU.Build.0 = Release|Any CPU
		{EB00C6D9-D584-49E5-B443-F7E644DA59D8}.Debug|Any CPU.ActiveCfg = Debug|Any CPU
		{EB00C6D9-D584-49E5-B443-F7E644DA59D8}.Debug|Any CPU.Build.0 = Debug|Any CPU
		{EB00C6D9-D584-49E5-B443-F7E644DA59D8}.Release|Any CPU.ActiveCfg = Release|Any CPU
		{EB00C6D9-D584-49E5-B443-F7E644DA59D8}.Release|Any CPU.Build.0 = Release|Any CPU
		{67EDCA1D-171D-4068-ADE4-54445CA7241E}.Debug|Any CPU.ActiveCfg = Debug|Any CPU
		{67EDCA1D-171D-4068-ADE4-54445CA7241E}.Debug|Any CPU.Build.0 = Debug|Any CPU
		{67EDCA1D-171D-4068-ADE4-54445CA7241E}.Release|Any CPU.ActiveCfg = Release|Any CPU
		{67EDCA1D-171D-4068-ADE4-54445CA7241E}.Release|Any CPU.Build.0 = Release|Any CPU
		{712107F4-3751-4031-9682-76619CD871BE}.Debug|Any CPU.ActiveCfg = Debug|Any CPU
		{712107F4-3751-4031-9682-76619CD871BE}.Debug|Any CPU.Build.0 = Debug|Any CPU
		{712107F4-3751-4031-9682-76619CD871BE}.Release|Any CPU.ActiveCfg = Release|Any CPU
		{712107F4-3751-4031-9682-76619CD871BE}.Release|Any CPU.Build.0 = Release|Any CPU
		{C34B9CCF-9E78-497C-AFB6-8DFE5F55FA50}.Debug|Any CPU.ActiveCfg = Debug|Any CPU
		{C34B9CCF-9E78-497C-AFB6-8DFE5F55FA50}.Debug|Any CPU.Build.0 = Debug|Any CPU
		{C34B9CCF-9E78-497C-AFB6-8DFE5F55FA50}.Release|Any CPU.ActiveCfg = Release|Any CPU
		{C34B9CCF-9E78-497C-AFB6-8DFE5F55FA50}.Release|Any CPU.Build.0 = Release|Any CPU
		{7FAB942F-F126-4327-8604-A8CD0E4CD2AA}.Debug|Any CPU.ActiveCfg = Debug|Any CPU
		{7FAB942F-F126-4327-8604-A8CD0E4CD2AA}.Debug|Any CPU.Build.0 = Debug|Any CPU
		{7FAB942F-F126-4327-8604-A8CD0E4CD2AA}.Release|Any CPU.ActiveCfg = Release|Any CPU
		{7FAB942F-F126-4327-8604-A8CD0E4CD2AA}.Release|Any CPU.Build.0 = Release|Any CPU
		{929CE2B6-9DD7-4858-843B-6A79D74B7418}.Debug|Any CPU.ActiveCfg = Debug|Any CPU
		{929CE2B6-9DD7-4858-843B-6A79D74B7418}.Debug|Any CPU.Build.0 = Debug|Any CPU
		{929CE2B6-9DD7-4858-843B-6A79D74B7418}.Release|Any CPU.ActiveCfg = Release|Any CPU
		{929CE2B6-9DD7-4858-843B-6A79D74B7418}.Release|Any CPU.Build.0 = Release|Any CPU
	EndGlobalSection
	GlobalSection(SolutionProperties) = preSolution
		HideSolutionNode = FALSE
	EndGlobalSection
	GlobalSection(NestedProjects) = preSolution
		{94715AF1-20AD-4D8E-B6B6-BCC290621C3A} = {0091A750-DB07-44A8-83CD-11610B745E33}
		{26D5B46D-F340-4BC0-80A6-8D6282427D97} = {0091A750-DB07-44A8-83CD-11610B745E33}
		{0412BEF3-4997-4A40-B25C-AAC25B70B068} = {0091A750-DB07-44A8-83CD-11610B745E33}
		{C34B9CCF-9E78-497C-AFB6-8DFE5F55FA50} = {0091A750-DB07-44A8-83CD-11610B745E33}
		{7FAB942F-F126-4327-8604-A8CD0E4CD2AA} = {0091A750-DB07-44A8-83CD-11610B745E33}
		{FC863206-7E19-4A6A-ADBD-334BCDE6F9D6} = {EDFFC14E-2066-4AC6-951F-1753A3F01CB2}
		{514F82A5-106C-4360-A8B1-6FFCECFDC7D4} = {EDFFC14E-2066-4AC6-951F-1753A3F01CB2}
		{AECC8961-6F82-4443-9F9F-E3E48D9137A9} = {EDFFC14E-2066-4AC6-951F-1753A3F01CB2}
		{0BF822B0-B4A1-4744-89E2-B94942F772E3} = {03DD429C-5C11-4787-A967-3C18D39EBFE9}
		{6D7F5410-354E-4C51-9917-74DC9A047713} = {03DD429C-5C11-4787-A967-3C18D39EBFE9}
		{466C25A1-6912-43BC-9C1A-824F807BDFA8} = {03DD429C-5C11-4787-A967-3C18D39EBFE9}
		{BD1AFE9A-03AE-4524-94AE-E2DD1F23719A} = {684E2591-A590-4A3D-9009-C018C64090AD}
		{308AA4CE-94DC-47C4-B182-E41FA91623D4} = {684E2591-A590-4A3D-9009-C018C64090AD}
		{C6A7A214-78B8-4A35-98F9-1189D0AB420E} = {684E2591-A590-4A3D-9009-C018C64090AD}
		{EB00C6D9-D584-49E5-B443-F7E644DA59D8} = {684E2591-A590-4A3D-9009-C018C64090AD}
		{87E57E0A-F833-4D18-A8D9-67960A60969E} = {684E2591-A590-4A3D-9009-C018C64090AD}
		{929CE2B6-9DD7-4858-843B-6A79D74B7418} = {684E2591-A590-4A3D-9009-C018C64090AD}
		{D355B0EA-0750-429F-B7C9-62100976C6AE} = {876DF84B-B050-481B-B691-81E4268F6861}
		{5BA9FA7F-9905-41EA-BA6A-58617A6F1B8A} = {876DF84B-B050-481B-B691-81E4268F6861}
		{2668B8D3-F135-40C6-9D3E-9710E0DD6489} = {876DF84B-B050-481B-B691-81E4268F6861}
		{67EDCA1D-171D-4068-ADE4-54445CA7241E} = {919C63E7-75FB-4633-9A50-FEF6895C3C98}
		{712107F4-3751-4031-9682-76619CD871BE} = {919C63E7-75FB-4633-9A50-FEF6895C3C98}
	EndGlobalSection
EndGlobal
