
Microsoft Visual Studio Solution File, Format Version 10.00
# Visual Studio 2008
Project("{FAE04EC0-301F-11D3-BF4B-00C04F79EFBC}") = "PicWatermark", "Applications\PicWatermark\PicWatermark.csproj", "{4F40EAEC-181D-4A96-92F6-2ACC0A1779BD}"
EndProject
Project("{E24C65DC-7377-472B-9ABA-BC803B73C61A}") = "WebPreview1.1.rar_by_Kai.Ma", "C:\FFDownload\WebPreview1.1.rar_by_Kai.Ma", "{036A8E3C-521E-4268-A087-863E29A9561E}"
	ProjectSection(WebsiteProperties) = preProject
		TargetFramework = "3.5"
		Debug.AspNetCompiler.VirtualPath = "/WebPreview1.1.rar_by_Kai.Ma"
		Debug.AspNetCompiler.PhysicalPath = "C:\FFDownload\WebPreview1.1.rar_by_Kai.Ma\"
		Debug.AspNetCompiler.TargetPath = "PrecompiledWeb\WebPreview1.1.rar_by_Kai.Ma\"
		Debug.AspNetCompiler.Updateable = "true"
		Debug.AspNetCompiler.ForceOverwrite = "true"
		Debug.AspNetCompiler.FixedNames = "false"
		Debug.AspNetCompiler.Debug = "True"
		Release.AspNetCompiler.VirtualPath = "/WebPreview1.1.rar_by_Kai.Ma"
		Release.AspNetCompiler.PhysicalPath = "C:\FFDownload\WebPreview1.1.rar_by_Kai.Ma\"
		Release.AspNetCompiler.TargetPath = "PrecompiledWeb\WebPreview1.1.rar_by_Kai.Ma\"
		Release.AspNetCompiler.Updateable = "true"
		Release.AspNetCompiler.ForceOverwrite = "true"
		Release.AspNetCompiler.FixedNames = "false"
		Release.AspNetCompiler.Debug = "False"
		VWDPort = "16249"
	EndProjectSection
EndProject
Global
	GlobalSection(SolutionConfigurationPlatforms) = preSolution
		Debug|Any CPU = Debug|Any CPU
		Release|Any CPU = Release|Any CPU
	EndGlobalSection
	GlobalSection(ProjectConfigurationPlatforms) = postSolution
		{4F40EAEC-181D-4A96-92F6-2ACC0A1779BD}.Debug|Any CPU.ActiveCfg = Debug|Any CPU
		{4F40EAEC-181D-4A96-92F6-2ACC0A1779BD}.Debug|Any CPU.Build.0 = Debug|Any CPU
		{4F40EAEC-181D-4A96-92F6-2ACC0A1779BD}.Release|Any CPU.ActiveCfg = Release|Any CPU
		{4F40EAEC-181D-4A96-92F6-2ACC0A1779BD}.Release|Any CPU.Build.0 = Release|Any CPU
		{036A8E3C-521E-4268-A087-863E29A9561E}.Debug|Any CPU.ActiveCfg = Debug|Any CPU
		{036A8E3C-521E-4268-A087-863E29A9561E}.Debug|Any CPU.Build.0 = Debug|Any CPU
		{036A8E3C-521E-4268-A087-863E29A9561E}.Release|Any CPU.ActiveCfg = Debug|Any CPU
		{036A8E3C-521E-4268-A087-863E29A9561E}.Release|Any CPU.Build.0 = Debug|Any CPU
	EndGlobalSection
	GlobalSection(SolutionProperties) = preSolution
		HideSolutionNode = FALSE
	EndGlobalSection
EndGlobal
