
Microsoft Visual Studio Solution File, Format Version 10.00
# Visual Studio 2008
Project("{FAE04EC0-301F-11D3-BF4B-00C04F79EFBC}") = "Site", "Site\Site.csproj", "{45FE528F-61A6-40B7-859C-5032B1FE9B15}"
EndProject
Project("{2150E333-8FDC-42A3-9474-1A3956D46DE8}") = "01.Client", "01.Client", "{DEADFE5E-D617-48DB-8CFA-A9A2541774CF}"
EndProject
Project("{2150E333-8FDC-42A3-9474-1A3956D46DE8}") = "01.SLControls", "01.SLControls", "{6D194E0E-172F-46C2-BB76-32B115D53D33}"
EndProject
Project("{2150E333-8FDC-42A3-9474-1A3956D46DE8}") = "02.BizControls", "02.BizControls", "{622C3023-8A6C-4F38-88A6-123A595EAFBF}"
EndProject
Project("{2150E333-8FDC-42A3-9474-1A3956D46DE8}") = "03.SLPages", "03.SLPages", "{A332D079-8124-4E6A-BADD-33BAF3CF4F88}"
EndProject
Project("{2150E333-8FDC-42A3-9474-1A3956D46DE8}") = "02.Server", "02.Server", "{9D082523-C538-4AB7-9992-B56AA1518BA1}"
EndProject
Project("{FAE04EC0-301F-11D3-BF4B-00C04F79EFBC}") = "Top.Client.BizControls.ShopImportor", "Client\Modules\TOP.Client.BizControls.ShopImportor\Top.Client.BizControls.ShopImportor.csproj", "{E17DCB1C-62A1-4FBA-9DBB-86DE31AE80BE}"
EndProject
Project("{FAE04EC0-301F-11D3-BF4B-00C04F79EFBC}") = "Top.Client.BizControls.Common", "Client\Modules\Top.Client.BizControls.Common\Top.Client.BizControls.Common.csproj", "{6010D303-C201-4D64-8513-AEE514DC1A9E}"
EndProject
Project("{FAE04EC0-301F-11D3-BF4B-00C04F79EFBC}") = "Top.Client.SLPages.DebuggerApp", "Client\AppPages\Top.Client.SLPages.DebuggerApp\Top.Client.SLPages.DebuggerApp.csproj", "{406F810F-48F5-437D-9423-AF18B1AFECA2}"
EndProject
Project("{2150E333-8FDC-42A3-9474-1A3956D46DE8}") = "00.Libs", "00.Libs", "{935B9749-917F-4540-8F5C-3E9B878CCB09}"
	ProjectSection(SolutionItems) = preProject
		Server\Libs\Newtonsoft.Json.dll = Server\Libs\Newtonsoft.Json.dll
		Server\Libs\Top4Net.dll = Server\Libs\Top4Net.dll
	EndProjectSection
EndProject
Project("{2150E333-8FDC-42A3-9474-1A3956D46DE8}") = "02.Domain", "02.Domain", "{AFC54844-F6BD-42C4-8394-F196EA68BEA0}"
EndProject
Project("{2150E333-8FDC-42A3-9474-1A3956D46DE8}") = "03.Facade", "03.Facade", "{6DC6F47A-E30D-4CA3-B64D-38261AA1462A}"
EndProject
Project("{FAE04EC0-301F-11D3-BF4B-00C04F79EFBC}") = "Top.Server.TaobaoInterface", "Server\Facade\Top.Server.TaobaoInterface\Top.Server.TaobaoInterface.csproj", "{BCE3022B-4F12-4AB3-BB6F-E088DA4D5D93}"
EndProject
Project("{FAE04EC0-301F-11D3-BF4B-00C04F79EFBC}") = "Top4Net", "..\top4net\Top4Net\Top4Net.csproj", "{C34B9CCF-9E78-497C-AFB6-8DFE5F55FA50}"
EndProject
Project("{2150E333-8FDC-42A3-9474-1A3956D46DE8}") = "00.UnitTest", "00.UnitTest", "{C7B4D7F1-67A9-46CA-96B5-53045C86CF2C}"
EndProject
Project("{FAE04EC0-301F-11D3-BF4B-00C04F79EFBC}") = "Top4NetTest", "..\top4net\Top4NetTest\Top4NetTest.csproj", "{7FAB942F-F126-4327-8604-A8CD0E4CD2AA}"
EndProject
Project("{2150E333-8FDC-42A3-9474-1A3956D46DE8}") = "01.Wcf", "01.Wcf", "{932F069E-FD54-4808-8E59-E6787FDE3A60}"
EndProject
Project("{FAE04EC0-301F-11D3-BF4B-00C04F79EFBC}") = "Top.Server.Wcf.Contract.TaobaoInterface", "Server\Wcf\Top.Server.Wcf.Contract.TaobaoInterface\Top.Server.Wcf.Contract.TaobaoInterface.csproj", "{8ABA1BFC-5DE8-495F-8E74-A7F3DFC5467C}"
EndProject
Project("{2150E333-8FDC-42A3-9474-1A3956D46DE8}") = "00.Components", "00.Components", "{0CC2A7E8-CADC-4335-B464-57E075FE5228}"
EndProject
Project("{FAE04EC0-301F-11D3-BF4B-00C04F79EFBC}") = "Top.Server.Wcf.ServerConsole", "Server\Wcf\Top.Server.Wcf.ServerConsole\Top.Server.Wcf.ServerConsole.csproj", "{EB739187-A45C-4BB4-91F4-9C2D059BEBE3}"
EndProject
Project("{FAE04EC0-301F-11D3-BF4B-00C04F79EFBC}") = "Top.Client.Components.Communication", "Client\Components\Top.Client.Components.Communication\Top.Client.Components.Communication.csproj", "{CA4EA29E-8A08-4B69-B525-0F96EDC73B7F}"
EndProject
Project("{FAE04EC0-301F-11D3-BF4B-00C04F79EFBC}") = "Top.Client.Components.DataObject", "Client\Components\Top.Client.Components.DataObject\Top.Client.Components.DataObject.csproj", "{206FAB91-71A7-4ADB-9067-1E1DF1617C37}"
EndProject
Project("{FAE04EC0-301F-11D3-BF4B-00C04F79EFBC}") = "Top.Client.Components.DM.TaobaoInterface", "Client\Components\Top.Client.Components.DM.TaobaoInterface\Top.Client.Components.DM.TaobaoInterface.csproj", "{06E0203E-07E0-4EEB-A425-CE49B9C531DA}"
EndProject
Global
	GlobalSection(SolutionConfigurationPlatforms) = preSolution
		Debug|Any CPU = Debug|Any CPU
		Release|Any CPU = Release|Any CPU
	EndGlobalSection
	GlobalSection(ProjectConfigurationPlatforms) = postSolution
		{45FE528F-61A6-40B7-859C-5032B1FE9B15}.Debug|Any CPU.ActiveCfg = Debug|Any CPU
		{45FE528F-61A6-40B7-859C-5032B1FE9B15}.Debug|Any CPU.Build.0 = Debug|Any CPU
		{45FE528F-61A6-40B7-859C-5032B1FE9B15}.Release|Any CPU.ActiveCfg = Release|Any CPU
		{45FE528F-61A6-40B7-859C-5032B1FE9B15}.Release|Any CPU.Build.0 = Release|Any CPU
		{E17DCB1C-62A1-4FBA-9DBB-86DE31AE80BE}.Debug|Any CPU.ActiveCfg = Debug|Any CPU
		{E17DCB1C-62A1-4FBA-9DBB-86DE31AE80BE}.Debug|Any CPU.Build.0 = Debug|Any CPU
		{E17DCB1C-62A1-4FBA-9DBB-86DE31AE80BE}.Release|Any CPU.ActiveCfg = Release|Any CPU
		{E17DCB1C-62A1-4FBA-9DBB-86DE31AE80BE}.Release|Any CPU.Build.0 = Release|Any CPU
		{6010D303-C201-4D64-8513-AEE514DC1A9E}.Debug|Any CPU.ActiveCfg = Debug|Any CPU
		{6010D303-C201-4D64-8513-AEE514DC1A9E}.Debug|Any CPU.Build.0 = Debug|Any CPU
		{6010D303-C201-4D64-8513-AEE514DC1A9E}.Release|Any CPU.ActiveCfg = Release|Any CPU
		{6010D303-C201-4D64-8513-AEE514DC1A9E}.Release|Any CPU.Build.0 = Release|Any CPU
		{406F810F-48F5-437D-9423-AF18B1AFECA2}.Debug|Any CPU.ActiveCfg = Debug|Any CPU
		{406F810F-48F5-437D-9423-AF18B1AFECA2}.Debug|Any CPU.Build.0 = Debug|Any CPU
		{406F810F-48F5-437D-9423-AF18B1AFECA2}.Release|Any CPU.ActiveCfg = Release|Any CPU
		{406F810F-48F5-437D-9423-AF18B1AFECA2}.Release|Any CPU.Build.0 = Release|Any CPU
		{BCE3022B-4F12-4AB3-BB6F-E088DA4D5D93}.Debug|Any CPU.ActiveCfg = Debug|Any CPU
		{BCE3022B-4F12-4AB3-BB6F-E088DA4D5D93}.Debug|Any CPU.Build.0 = Debug|Any CPU
		{BCE3022B-4F12-4AB3-BB6F-E088DA4D5D93}.Release|Any CPU.ActiveCfg = Release|Any CPU
		{BCE3022B-4F12-4AB3-BB6F-E088DA4D5D93}.Release|Any CPU.Build.0 = Release|Any CPU
		{C34B9CCF-9E78-497C-AFB6-8DFE5F55FA50}.Debug|Any CPU.ActiveCfg = Debug|Any CPU
		{C34B9CCF-9E78-497C-AFB6-8DFE5F55FA50}.Debug|Any CPU.Build.0 = Debug|Any CPU
		{C34B9CCF-9E78-497C-AFB6-8DFE5F55FA50}.Release|Any CPU.ActiveCfg = Release|Any CPU
		{C34B9CCF-9E78-497C-AFB6-8DFE5F55FA50}.Release|Any CPU.Build.0 = Release|Any CPU
		{7FAB942F-F126-4327-8604-A8CD0E4CD2AA}.Debug|Any CPU.ActiveCfg = Debug|Any CPU
		{7FAB942F-F126-4327-8604-A8CD0E4CD2AA}.Debug|Any CPU.Build.0 = Debug|Any CPU
		{7FAB942F-F126-4327-8604-A8CD0E4CD2AA}.Release|Any CPU.ActiveCfg = Release|Any CPU
		{7FAB942F-F126-4327-8604-A8CD0E4CD2AA}.Release|Any CPU.Build.0 = Release|Any CPU
		{8ABA1BFC-5DE8-495F-8E74-A7F3DFC5467C}.Debug|Any CPU.ActiveCfg = Debug|Any CPU
		{8ABA1BFC-5DE8-495F-8E74-A7F3DFC5467C}.Debug|Any CPU.Build.0 = Debug|Any CPU
		{8ABA1BFC-5DE8-495F-8E74-A7F3DFC5467C}.Release|Any CPU.ActiveCfg = Release|Any CPU
		{8ABA1BFC-5DE8-495F-8E74-A7F3DFC5467C}.Release|Any CPU.Build.0 = Release|Any CPU
		{EB739187-A45C-4BB4-91F4-9C2D059BEBE3}.Debug|Any CPU.ActiveCfg = Debug|Any CPU
		{EB739187-A45C-4BB4-91F4-9C2D059BEBE3}.Debug|Any CPU.Build.0 = Debug|Any CPU
		{EB739187-A45C-4BB4-91F4-9C2D059BEBE3}.Release|Any CPU.ActiveCfg = Release|Any CPU
		{EB739187-A45C-4BB4-91F4-9C2D059BEBE3}.Release|Any CPU.Build.0 = Release|Any CPU
		{CA4EA29E-8A08-4B69-B525-0F96EDC73B7F}.Debug|Any CPU.ActiveCfg = Debug|Any CPU
		{CA4EA29E-8A08-4B69-B525-0F96EDC73B7F}.Debug|Any CPU.Build.0 = Debug|Any CPU
		{CA4EA29E-8A08-4B69-B525-0F96EDC73B7F}.Release|Any CPU.ActiveCfg = Release|Any CPU
		{CA4EA29E-8A08-4B69-B525-0F96EDC73B7F}.Release|Any CPU.Build.0 = Release|Any CPU
		{206FAB91-71A7-4ADB-9067-1E1DF1617C37}.Debug|Any CPU.ActiveCfg = Debug|Any CPU
		{206FAB91-71A7-4ADB-9067-1E1DF1617C37}.Debug|Any CPU.Build.0 = Debug|Any CPU
		{206FAB91-71A7-4ADB-9067-1E1DF1617C37}.Release|Any CPU.ActiveCfg = Release|Any CPU
		{206FAB91-71A7-4ADB-9067-1E1DF1617C37}.Release|Any CPU.Build.0 = Release|Any CPU
		{06E0203E-07E0-4EEB-A425-CE49B9C531DA}.Debug|Any CPU.ActiveCfg = Debug|Any CPU
		{06E0203E-07E0-4EEB-A425-CE49B9C531DA}.Debug|Any CPU.Build.0 = Debug|Any CPU
		{06E0203E-07E0-4EEB-A425-CE49B9C531DA}.Release|Any CPU.ActiveCfg = Release|Any CPU
		{06E0203E-07E0-4EEB-A425-CE49B9C531DA}.Release|Any CPU.Build.0 = Release|Any CPU
	EndGlobalSection
	GlobalSection(SolutionProperties) = preSolution
		HideSolutionNode = FALSE
	EndGlobalSection
	GlobalSection(NestedProjects) = preSolution
		{6D194E0E-172F-46C2-BB76-32B115D53D33} = {DEADFE5E-D617-48DB-8CFA-A9A2541774CF}
		{622C3023-8A6C-4F38-88A6-123A595EAFBF} = {DEADFE5E-D617-48DB-8CFA-A9A2541774CF}
		{A332D079-8124-4E6A-BADD-33BAF3CF4F88} = {DEADFE5E-D617-48DB-8CFA-A9A2541774CF}
		{0CC2A7E8-CADC-4335-B464-57E075FE5228} = {DEADFE5E-D617-48DB-8CFA-A9A2541774CF}
		{E17DCB1C-62A1-4FBA-9DBB-86DE31AE80BE} = {622C3023-8A6C-4F38-88A6-123A595EAFBF}
		{6010D303-C201-4D64-8513-AEE514DC1A9E} = {622C3023-8A6C-4F38-88A6-123A595EAFBF}
		{406F810F-48F5-437D-9423-AF18B1AFECA2} = {A332D079-8124-4E6A-BADD-33BAF3CF4F88}
		{935B9749-917F-4540-8F5C-3E9B878CCB09} = {9D082523-C538-4AB7-9992-B56AA1518BA1}
		{AFC54844-F6BD-42C4-8394-F196EA68BEA0} = {9D082523-C538-4AB7-9992-B56AA1518BA1}
		{6DC6F47A-E30D-4CA3-B64D-38261AA1462A} = {9D082523-C538-4AB7-9992-B56AA1518BA1}
		{932F069E-FD54-4808-8E59-E6787FDE3A60} = {9D082523-C538-4AB7-9992-B56AA1518BA1}
		{C34B9CCF-9E78-497C-AFB6-8DFE5F55FA50} = {AFC54844-F6BD-42C4-8394-F196EA68BEA0}
		{BCE3022B-4F12-4AB3-BB6F-E088DA4D5D93} = {6DC6F47A-E30D-4CA3-B64D-38261AA1462A}
		{7FAB942F-F126-4327-8604-A8CD0E4CD2AA} = {C7B4D7F1-67A9-46CA-96B5-53045C86CF2C}
		{8ABA1BFC-5DE8-495F-8E74-A7F3DFC5467C} = {932F069E-FD54-4808-8E59-E6787FDE3A60}
		{EB739187-A45C-4BB4-91F4-9C2D059BEBE3} = {932F069E-FD54-4808-8E59-E6787FDE3A60}
		{CA4EA29E-8A08-4B69-B525-0F96EDC73B7F} = {0CC2A7E8-CADC-4335-B464-57E075FE5228}
		{206FAB91-71A7-4ADB-9067-1E1DF1617C37} = {0CC2A7E8-CADC-4335-B464-57E075FE5228}
		{06E0203E-07E0-4EEB-A425-CE49B9C531DA} = {0CC2A7E8-CADC-4335-B464-57E075FE5228}
	EndGlobalSection
EndGlobal
