
Microsoft Visual Studio Solution File, Format Version 10.00
# Visual Studio 2008
Project("{FAE04EC0-301F-11D3-BF4B-00C04F79EFBC}") = "J.SLS.Database", "..\..\J.SLS\J.SLS.Database\J.SLS.Database.csproj", "{D322F3DB-C7F4-4F11-A062-52B8CF0C82C8}"
EndProject
Project("{FAE04EC0-301F-11D3-BF4B-00C04F79EFBC}") = "J.SLS.Common", "..\..\J.SLS\J.SLS.Common\J.SLS.Common.csproj", "{30F7EBF8-D985-4D02-BDE6-89F392B6545D}"
EndProject
Project("{E24C65DC-7377-472B-9ABA-BC803B73C61A}") = "J.SkyMusic.Site", "..\..\J.SLS\J.SkyMusic.Site\", "{67A25B66-FAB8-40C3-8DCF-815F253E01C7}"
	ProjectSection(WebsiteProperties) = preProject
		TargetFramework = "3.5"
		ProjectReferences = "{30F7EBF8-D985-4D02-BDE6-89F392B6545D}|J.SLS.Common.dll;{D322F3DB-C7F4-4F11-A062-52B8CF0C82C8}|J.SLS.Database.dll;{2D268E43-ECAA-43B3-AF02-560942C1BD2B}|J.SkyMusic.DbFacade.dll;"
		Debug.AspNetCompiler.VirtualPath = "/J.SkyMusic.Site"
		Debug.AspNetCompiler.PhysicalPath = "..\..\J.SLS\J.SkyMusic.Site\"
		Debug.AspNetCompiler.TargetPath = "PrecompiledWeb\J.SkyMusic.Site\"
		Debug.AspNetCompiler.Updateable = "true"
		Debug.AspNetCompiler.ForceOverwrite = "true"
		Debug.AspNetCompiler.FixedNames = "false"
		Debug.AspNetCompiler.Debug = "True"
		Release.AspNetCompiler.VirtualPath = "/J.SkyMusic.Site"
		Release.AspNetCompiler.PhysicalPath = "..\..\J.SLS\J.SkyMusic.Site\"
		Release.AspNetCompiler.TargetPath = "PrecompiledWeb\J.SkyMusic.Site\"
		Release.AspNetCompiler.Updateable = "true"
		Release.AspNetCompiler.ForceOverwrite = "true"
		Release.AspNetCompiler.FixedNames = "false"
		Release.AspNetCompiler.Debug = "False"
		VWDPort = "3466"
		DefaultWebSiteLanguage = "Visual C#"
	EndProjectSection
EndProject
Project("{FAE04EC0-301F-11D3-BF4B-00C04F79EFBC}") = "J.SkyMusic.DbFacade", "J.SkyMusic.DbFacade\J.SkyMusic.DbFacade.csproj", "{2D268E43-ECAA-43B3-AF02-560942C1BD2B}"
EndProject
Project("{E24C65DC-7377-472B-9ABA-BC803B73C61A}") = "Demo", "Demo\", "{58620A3C-B503-4C6D-BB75-8E3DA5C9BA00}"
	ProjectSection(WebsiteProperties) = preProject
		TargetFramework = "3.5"
		Debug.AspNetCompiler.VirtualPath = "/Demo"
		Debug.AspNetCompiler.PhysicalPath = "Demo\"
		Debug.AspNetCompiler.TargetPath = "PrecompiledWeb\Demo\"
		Debug.AspNetCompiler.Updateable = "true"
		Debug.AspNetCompiler.ForceOverwrite = "true"
		Debug.AspNetCompiler.FixedNames = "false"
		Debug.AspNetCompiler.Debug = "True"
		Release.AspNetCompiler.VirtualPath = "/Demo"
		Release.AspNetCompiler.PhysicalPath = "Demo\"
		Release.AspNetCompiler.TargetPath = "PrecompiledWeb\Demo\"
		Release.AspNetCompiler.Updateable = "true"
		Release.AspNetCompiler.ForceOverwrite = "true"
		Release.AspNetCompiler.FixedNames = "false"
		Release.AspNetCompiler.Debug = "False"
		VWDPort = "14831"
	EndProjectSection
EndProject
Global
	GlobalSection(SolutionConfigurationPlatforms) = preSolution
		Debug|Any CPU = Debug|Any CPU
		Release|Any CPU = Release|Any CPU
	EndGlobalSection
	GlobalSection(ProjectConfigurationPlatforms) = postSolution
		{D322F3DB-C7F4-4F11-A062-52B8CF0C82C8}.Debug|Any CPU.ActiveCfg = Debug|Any CPU
		{D322F3DB-C7F4-4F11-A062-52B8CF0C82C8}.Debug|Any CPU.Build.0 = Debug|Any CPU
		{D322F3DB-C7F4-4F11-A062-52B8CF0C82C8}.Release|Any CPU.ActiveCfg = Release|Any CPU
		{D322F3DB-C7F4-4F11-A062-52B8CF0C82C8}.Release|Any CPU.Build.0 = Release|Any CPU
		{30F7EBF8-D985-4D02-BDE6-89F392B6545D}.Debug|Any CPU.ActiveCfg = Debug|Any CPU
		{30F7EBF8-D985-4D02-BDE6-89F392B6545D}.Debug|Any CPU.Build.0 = Debug|Any CPU
		{30F7EBF8-D985-4D02-BDE6-89F392B6545D}.Release|Any CPU.ActiveCfg = Release|Any CPU
		{30F7EBF8-D985-4D02-BDE6-89F392B6545D}.Release|Any CPU.Build.0 = Release|Any CPU
		{67A25B66-FAB8-40C3-8DCF-815F253E01C7}.Debug|Any CPU.ActiveCfg = Debug|Any CPU
		{67A25B66-FAB8-40C3-8DCF-815F253E01C7}.Debug|Any CPU.Build.0 = Debug|Any CPU
		{67A25B66-FAB8-40C3-8DCF-815F253E01C7}.Release|Any CPU.ActiveCfg = Debug|Any CPU
		{67A25B66-FAB8-40C3-8DCF-815F253E01C7}.Release|Any CPU.Build.0 = Debug|Any CPU
		{2D268E43-ECAA-43B3-AF02-560942C1BD2B}.Debug|Any CPU.ActiveCfg = Debug|Any CPU
		{2D268E43-ECAA-43B3-AF02-560942C1BD2B}.Debug|Any CPU.Build.0 = Debug|Any CPU
		{2D268E43-ECAA-43B3-AF02-560942C1BD2B}.Release|Any CPU.ActiveCfg = Release|Any CPU
		{2D268E43-ECAA-43B3-AF02-560942C1BD2B}.Release|Any CPU.Build.0 = Release|Any CPU
		{58620A3C-B503-4C6D-BB75-8E3DA5C9BA00}.Debug|Any CPU.ActiveCfg = Debug|Any CPU
		{58620A3C-B503-4C6D-BB75-8E3DA5C9BA00}.Debug|Any CPU.Build.0 = Debug|Any CPU
		{58620A3C-B503-4C6D-BB75-8E3DA5C9BA00}.Release|Any CPU.ActiveCfg = Debug|Any CPU
		{58620A3C-B503-4C6D-BB75-8E3DA5C9BA00}.Release|Any CPU.Build.0 = Debug|Any CPU
	EndGlobalSection
	GlobalSection(SolutionProperties) = preSolution
		HideSolutionNode = FALSE
	EndGlobalSection
EndGlobal
